
Microsoft Visual Studio Solution File, Format Version 12.00
# Visual Studio Version 16
VisualStudioVersion = 16.0.30413.136
MinimumVisualStudioVersion = 10.0.40219.1
Project("{FAE04EC0-301F-11D3-BF4B-00C04F79EFBC}") = "ShoppingList", "ShoppingList\ShoppingList.csproj", "{1EFA8D5D-E9CE-4594-853B-5CBC01F07E23}"
EndProject
Global
	GlobalSection(SolutionConfigurationPlatforms) = preSolution
		Debug|Any CPU = Debug|Any CPU
		Release|Any CPU = Release|Any CPU
	EndGlobalSection
	GlobalSection(ProjectConfigurationPlatforms) = postSolution
		{1EFA8D5D-E9CE-4594-853B-5CBC01F07E23}.Debug|Any CPU.ActiveCfg = Debug|Any CPU
		{1EFA8D5D-E9CE-4594-853B-5CBC01F07E23}.Debug|Any CPU.Build.0 = Debug|Any CPU
		{1EFA8D5D-E9CE-4594-853B-5CBC01F07E23}.Release|Any CPU.ActiveCfg = Release|Any CPU
		{1EFA8D5D-E9CE-4594-853B-5CBC01F07E23}.Release|Any CPU.Build.0 = Release|Any CPU
	EndGlobalSection
	GlobalSection(SolutionProperties) = preSolution
		HideSolutionNode = FALSE
	EndGlobalSection
	GlobalSection(ExtensibilityGlobals) = postSolution
		SolutionGuid = {A9692242-2C94-4BF1-B145-3046A150F1A7}
	EndGlobalSection
EndGlobal
